
Microsoft Visual Studio Solution File, Format Version 12.00
# Visual Studio Version 16
VisualStudioVersion = 16.0.29709.97
MinimumVisualStudioVersion = 10.0.40219.1
Project("{888888A0-9F3D-457C-B088-3A5042F75D52}") = "WinRate", "WinRate.pyproj", "{346F9EC9-5519-42B7-9F68-570026F5635A}"
EndProject
Global
	GlobalSection(SolutionConfigurationPlatforms) = preSolution
		Debug|Any CPU = Debug|Any CPU
		Release|Any CPU = Release|Any CPU
	EndGlobalSection
	GlobalSection(ProjectConfigurationPlatforms) = postSolution
		{346F9EC9-5519-42B7-9F68-570026F5635A}.Debug|Any CPU.ActiveCfg = Debug|Any CPU
		{346F9EC9-5519-42B7-9F68-570026F5635A}.Release|Any CPU.ActiveCfg = Release|Any CPU
	EndGlobalSection
	GlobalSection(SolutionProperties) = preSolution
		HideSolutionNode = FALSE
	EndGlobalSection
	GlobalSection(ExtensibilityGlobals) = postSolution
		SolutionGuid = {409B75F0-73A4-4C81-8A2E-2BD0C9D073E7}
	EndGlobalSection
EndGlobal
